
Microsoft Visual Studio Solution File, Format Version 12.00
# Visual Studio Version 17
VisualStudioVersion = 17.6.33801.468
MinimumVisualStudioVersion = 10.0.40219.1
Project("{FAE04EC0-301F-11D3-BF4B-00C04F79EFBC}") = "Rock Paper Scissors!", "Rock Paper Scissors!.csproj", "{FFA651D3-3B23-4CF2-AB5C-EAC5897FE479}"
EndProject
Global
	GlobalSection(SolutionConfigurationPlatforms) = preSolution
		Debug|Any CPU = Debug|Any CPU
		Release|Any CPU = Release|Any CPU
	EndGlobalSection
	GlobalSection(ProjectConfigurationPlatforms) = postSolution
		{FFA651D3-3B23-4CF2-AB5C-EAC5897FE479}.Debug|Any CPU.ActiveCfg = Debug|Any CPU
		{FFA651D3-3B23-4CF2-AB5C-EAC5897FE479}.Debug|Any CPU.Build.0 = Debug|Any CPU
		{FFA651D3-3B23-4CF2-AB5C-EAC5897FE479}.Release|Any CPU.ActiveCfg = Release|Any CPU
		{FFA651D3-3B23-4CF2-AB5C-EAC5897FE479}.Release|Any CPU.Build.0 = Release|Any CPU
	EndGlobalSection
	GlobalSection(SolutionProperties) = preSolution
		HideSolutionNode = FALSE
	EndGlobalSection
	GlobalSection(ExtensibilityGlobals) = postSolution
		SolutionGuid = {B41AA5C5-4A8C-4796-B230-4BC4122D66F7}
	EndGlobalSection
EndGlobal
