
Microsoft Visual Studio Solution File, Format Version 12.00
# Visual Studio Version 17
VisualStudioVersion = 17.6.33801.468
MinimumVisualStudioVersion = 10.0.40219.1
Project("{FAE04EC0-301F-11D3-BF4B-00C04F79EFBC}") = "Can you find the needle in the haystack", "Can you find the needle in the haystack.csproj", "{94EEB764-5B2E-4B9B-8336-474C1B3A106B}"
EndProject
Global
	GlobalSection(SolutionConfigurationPlatforms) = preSolution
		Debug|Any CPU = Debug|Any CPU
		Release|Any CPU = Release|Any CPU
	EndGlobalSection
	GlobalSection(ProjectConfigurationPlatforms) = postSolution
		{94EEB764-5B2E-4B9B-8336-474C1B3A106B}.Debug|Any CPU.ActiveCfg = Debug|Any CPU
		{94EEB764-5B2E-4B9B-8336-474C1B3A106B}.Debug|Any CPU.Build.0 = Debug|Any CPU
		{94EEB764-5B2E-4B9B-8336-474C1B3A106B}.Release|Any CPU.ActiveCfg = Release|Any CPU
		{94EEB764-5B2E-4B9B-8336-474C1B3A106B}.Release|Any CPU.Build.0 = Release|Any CPU
	EndGlobalSection
	GlobalSection(SolutionProperties) = preSolution
		HideSolutionNode = FALSE
	EndGlobalSection
	GlobalSection(ExtensibilityGlobals) = postSolution
		SolutionGuid = {5035AC35-A647-41C5-9F32-2A2BABC32ACD}
	EndGlobalSection
EndGlobal
