
Microsoft Visual Studio Solution File, Format Version 12.00
# Visual Studio Version 17
VisualStudioVersion = 17.7.34221.43
MinimumVisualStudioVersion = 10.0.40219.1
Project("{FAE04EC0-301F-11D3-BF4B-00C04F79EFBC}") = "Double Char", "Double Char.csproj", "{279523D8-1160-41B4-AF22-58A85C9B3CD5}"
EndProject
Global
	GlobalSection(SolutionConfigurationPlatforms) = preSolution
		Debug|Any CPU = Debug|Any CPU
		Release|Any CPU = Release|Any CPU
	EndGlobalSection
	GlobalSection(ProjectConfigurationPlatforms) = postSolution
		{279523D8-1160-41B4-AF22-58A85C9B3CD5}.Debug|Any CPU.ActiveCfg = Debug|Any CPU
		{279523D8-1160-41B4-AF22-58A85C9B3CD5}.Debug|Any CPU.Build.0 = Debug|Any CPU
		{279523D8-1160-41B4-AF22-58A85C9B3CD5}.Release|Any CPU.ActiveCfg = Release|Any CPU
		{279523D8-1160-41B4-AF22-58A85C9B3CD5}.Release|Any CPU.Build.0 = Release|Any CPU
	EndGlobalSection
	GlobalSection(SolutionProperties) = preSolution
		HideSolutionNode = FALSE
	EndGlobalSection
	GlobalSection(ExtensibilityGlobals) = postSolution
		SolutionGuid = {CD6F0B8A-78A1-4606-B59C-DBC0B572E8F6}
	EndGlobalSection
EndGlobal
