
Microsoft Visual Studio Solution File, Format Version 12.00
# Visual Studio Version 17
VisualStudioVersion = 17.6.33801.468
MinimumVisualStudioVersion = 10.0.40219.1
Project("{FAE04EC0-301F-11D3-BF4B-00C04F79EFBC}") = "Is this a triangle", "Is this a triangle.csproj", "{DF6DEF26-6958-4DF2-A8BB-001CFEBFF74C}"
EndProject
Global
	GlobalSection(SolutionConfigurationPlatforms) = preSolution
		Debug|Any CPU = Debug|Any CPU
		Release|Any CPU = Release|Any CPU
	EndGlobalSection
	GlobalSection(ProjectConfigurationPlatforms) = postSolution
		{DF6DEF26-6958-4DF2-A8BB-001CFEBFF74C}.Debug|Any CPU.ActiveCfg = Debug|Any CPU
		{DF6DEF26-6958-4DF2-A8BB-001CFEBFF74C}.Debug|Any CPU.Build.0 = Debug|Any CPU
		{DF6DEF26-6958-4DF2-A8BB-001CFEBFF74C}.Release|Any CPU.ActiveCfg = Release|Any CPU
		{DF6DEF26-6958-4DF2-A8BB-001CFEBFF74C}.Release|Any CPU.Build.0 = Release|Any CPU
	EndGlobalSection
	GlobalSection(SolutionProperties) = preSolution
		HideSolutionNode = FALSE
	EndGlobalSection
	GlobalSection(ExtensibilityGlobals) = postSolution
		SolutionGuid = {913FB67C-B662-4F23-807C-855900F0761C}
	EndGlobalSection
EndGlobal
