
Microsoft Visual Studio Solution File, Format Version 12.00
# Visual Studio Version 17
VisualStudioVersion = 17.6.33801.468
MinimumVisualStudioVersion = 10.0.40219.1
Project("{FAE04EC0-301F-11D3-BF4B-00C04F79EFBC}") = "Regex validate PIN code", "Regex validate PIN code.csproj", "{1E1BB784-D7AA-4495-97B8-861158E1EDF1}"
EndProject
Global
	GlobalSection(SolutionConfigurationPlatforms) = preSolution
		Debug|Any CPU = Debug|Any CPU
		Release|Any CPU = Release|Any CPU
	EndGlobalSection
	GlobalSection(ProjectConfigurationPlatforms) = postSolution
		{1E1BB784-D7AA-4495-97B8-861158E1EDF1}.Debug|Any CPU.ActiveCfg = Debug|Any CPU
		{1E1BB784-D7AA-4495-97B8-861158E1EDF1}.Debug|Any CPU.Build.0 = Debug|Any CPU
		{1E1BB784-D7AA-4495-97B8-861158E1EDF1}.Release|Any CPU.ActiveCfg = Release|Any CPU
		{1E1BB784-D7AA-4495-97B8-861158E1EDF1}.Release|Any CPU.Build.0 = Release|Any CPU
	EndGlobalSection
	GlobalSection(SolutionProperties) = preSolution
		HideSolutionNode = FALSE
	EndGlobalSection
	GlobalSection(ExtensibilityGlobals) = postSolution
		SolutionGuid = {7FD26E56-291B-4205-BA37-140563D84695}
	EndGlobalSection
EndGlobal
