
Microsoft Visual Studio Solution File, Format Version 12.00
# Visual Studio Version 17
VisualStudioVersion = 17.6.33801.468
MinimumVisualStudioVersion = 10.0.40219.1
Project("{FAE04EC0-301F-11D3-BF4B-00C04F79EFBC}") = "Calculate average", "Calculate average.csproj", "{0469B0C1-B5F8-44BD-9BF7-744F765FA3EC}"
EndProject
Global
	GlobalSection(SolutionConfigurationPlatforms) = preSolution
		Debug|Any CPU = Debug|Any CPU
		Release|Any CPU = Release|Any CPU
	EndGlobalSection
	GlobalSection(ProjectConfigurationPlatforms) = postSolution
		{0469B0C1-B5F8-44BD-9BF7-744F765FA3EC}.Debug|Any CPU.ActiveCfg = Debug|Any CPU
		{0469B0C1-B5F8-44BD-9BF7-744F765FA3EC}.Debug|Any CPU.Build.0 = Debug|Any CPU
		{0469B0C1-B5F8-44BD-9BF7-744F765FA3EC}.Release|Any CPU.ActiveCfg = Release|Any CPU
		{0469B0C1-B5F8-44BD-9BF7-744F765FA3EC}.Release|Any CPU.Build.0 = Release|Any CPU
	EndGlobalSection
	GlobalSection(SolutionProperties) = preSolution
		HideSolutionNode = FALSE
	EndGlobalSection
	GlobalSection(ExtensibilityGlobals) = postSolution
		SolutionGuid = {3CB8F02A-C7E8-4CA9-8AFA-D0B877F6C300}
	EndGlobalSection
EndGlobal
