
Microsoft Visual Studio Solution File, Format Version 12.00
# Visual Studio Version 17
VisualStudioVersion = 17.7.34221.43
MinimumVisualStudioVersion = 10.0.40219.1
Project("{FAE04EC0-301F-11D3-BF4B-00C04F79EFBC}") = "Twice as old", "Twice as old\Twice as old.csproj", "{12F593D6-6325-4DBB-A368-F8618E7290CD}"
EndProject
Global
	GlobalSection(SolutionConfigurationPlatforms) = preSolution
		Debug|Any CPU = Debug|Any CPU
		Release|Any CPU = Release|Any CPU
	EndGlobalSection
	GlobalSection(ProjectConfigurationPlatforms) = postSolution
		{12F593D6-6325-4DBB-A368-F8618E7290CD}.Debug|Any CPU.ActiveCfg = Debug|Any CPU
		{12F593D6-6325-4DBB-A368-F8618E7290CD}.Debug|Any CPU.Build.0 = Debug|Any CPU
		{12F593D6-6325-4DBB-A368-F8618E7290CD}.Release|Any CPU.ActiveCfg = Release|Any CPU
		{12F593D6-6325-4DBB-A368-F8618E7290CD}.Release|Any CPU.Build.0 = Release|Any CPU
	EndGlobalSection
	GlobalSection(SolutionProperties) = preSolution
		HideSolutionNode = FALSE
	EndGlobalSection
	GlobalSection(ExtensibilityGlobals) = postSolution
		SolutionGuid = {878733C6-85D2-4358-978D-A91B5320160E}
	EndGlobalSection
EndGlobal
