
Microsoft Visual Studio Solution File, Format Version 12.00
# Visual Studio Version 17
VisualStudioVersion = 17.7.34221.43
MinimumVisualStudioVersion = 10.0.40219.1
Project("{FAE04EC0-301F-11D3-BF4B-00C04F79EFBC}") = "Opposites Attract", "Opposites Attract\Opposites Attract.csproj", "{F9589A68-A06A-411F-A799-3DBAA779D11A}"
EndProject
Global
	GlobalSection(SolutionConfigurationPlatforms) = preSolution
		Debug|Any CPU = Debug|Any CPU
		Release|Any CPU = Release|Any CPU
	EndGlobalSection
	GlobalSection(ProjectConfigurationPlatforms) = postSolution
		{F9589A68-A06A-411F-A799-3DBAA779D11A}.Debug|Any CPU.ActiveCfg = Debug|Any CPU
		{F9589A68-A06A-411F-A799-3DBAA779D11A}.Debug|Any CPU.Build.0 = Debug|Any CPU
		{F9589A68-A06A-411F-A799-3DBAA779D11A}.Release|Any CPU.ActiveCfg = Release|Any CPU
		{F9589A68-A06A-411F-A799-3DBAA779D11A}.Release|Any CPU.Build.0 = Release|Any CPU
	EndGlobalSection
	GlobalSection(SolutionProperties) = preSolution
		HideSolutionNode = FALSE
	EndGlobalSection
	GlobalSection(ExtensibilityGlobals) = postSolution
		SolutionGuid = {A8CDFE33-19B0-40D3-AE11-12CD3494F47E}
	EndGlobalSection
EndGlobal
