
Microsoft Visual Studio Solution File, Format Version 12.00
# Visual Studio Version 17
VisualStudioVersion = 17.7.34221.43
MinimumVisualStudioVersion = 10.0.40219.1
Project("{FAE04EC0-301F-11D3-BF4B-00C04F79EFBC}") = "Sort array by string length", "Sort array by string length.csproj", "{DC0E7920-86F0-4C49-A333-624B3E1D3DC6}"
EndProject
Global
	GlobalSection(SolutionConfigurationPlatforms) = preSolution
		Debug|Any CPU = Debug|Any CPU
		Release|Any CPU = Release|Any CPU
	EndGlobalSection
	GlobalSection(ProjectConfigurationPlatforms) = postSolution
		{DC0E7920-86F0-4C49-A333-624B3E1D3DC6}.Debug|Any CPU.ActiveCfg = Debug|Any CPU
		{DC0E7920-86F0-4C49-A333-624B3E1D3DC6}.Debug|Any CPU.Build.0 = Debug|Any CPU
		{DC0E7920-86F0-4C49-A333-624B3E1D3DC6}.Release|Any CPU.ActiveCfg = Release|Any CPU
		{DC0E7920-86F0-4C49-A333-624B3E1D3DC6}.Release|Any CPU.Build.0 = Release|Any CPU
	EndGlobalSection
	GlobalSection(SolutionProperties) = preSolution
		HideSolutionNode = FALSE
	EndGlobalSection
	GlobalSection(ExtensibilityGlobals) = postSolution
		SolutionGuid = {B960AFFB-21EE-42F9-86B0-395BE53F649A}
	EndGlobalSection
EndGlobal
