
Microsoft Visual Studio Solution File, Format Version 12.00
# Visual Studio Version 17
VisualStudioVersion = 17.6.33801.468
MinimumVisualStudioVersion = 10.0.40219.1
Project("{FAE04EC0-301F-11D3-BF4B-00C04F79EFBC}") = "MakeUpperCase", "MakeUpperCase.csproj", "{2D7B0FF5-A313-4C5C-8E8F-FA9767E71B2F}"
EndProject
Global
	GlobalSection(SolutionConfigurationPlatforms) = preSolution
		Debug|Any CPU = Debug|Any CPU
		Release|Any CPU = Release|Any CPU
	EndGlobalSection
	GlobalSection(ProjectConfigurationPlatforms) = postSolution
		{2D7B0FF5-A313-4C5C-8E8F-FA9767E71B2F}.Debug|Any CPU.ActiveCfg = Debug|Any CPU
		{2D7B0FF5-A313-4C5C-8E8F-FA9767E71B2F}.Debug|Any CPU.Build.0 = Debug|Any CPU
		{2D7B0FF5-A313-4C5C-8E8F-FA9767E71B2F}.Release|Any CPU.ActiveCfg = Release|Any CPU
		{2D7B0FF5-A313-4C5C-8E8F-FA9767E71B2F}.Release|Any CPU.Build.0 = Release|Any CPU
	EndGlobalSection
	GlobalSection(SolutionProperties) = preSolution
		HideSolutionNode = FALSE
	EndGlobalSection
	GlobalSection(ExtensibilityGlobals) = postSolution
		SolutionGuid = {4896D2C2-C04A-47B9-A874-FB5BC211B9BB}
	EndGlobalSection
EndGlobal
