
Microsoft Visual Studio Solution File, Format Version 12.00
# Visual Studio Version 17
VisualStudioVersion = 17.7.34221.43
MinimumVisualStudioVersion = 10.0.40219.1
Project("{FAE04EC0-301F-11D3-BF4B-00C04F79EFBC}") = "Disemvowel Trolls", "Disemvowel Trolls.csproj", "{FDC223F5-C16D-4B75-8876-82448628999A}"
EndProject
Global
	GlobalSection(SolutionConfigurationPlatforms) = preSolution
		Debug|Any CPU = Debug|Any CPU
		Release|Any CPU = Release|Any CPU
	EndGlobalSection
	GlobalSection(ProjectConfigurationPlatforms) = postSolution
		{FDC223F5-C16D-4B75-8876-82448628999A}.Debug|Any CPU.ActiveCfg = Debug|Any CPU
		{FDC223F5-C16D-4B75-8876-82448628999A}.Debug|Any CPU.Build.0 = Debug|Any CPU
		{FDC223F5-C16D-4B75-8876-82448628999A}.Release|Any CPU.ActiveCfg = Release|Any CPU
		{FDC223F5-C16D-4B75-8876-82448628999A}.Release|Any CPU.Build.0 = Release|Any CPU
	EndGlobalSection
	GlobalSection(SolutionProperties) = preSolution
		HideSolutionNode = FALSE
	EndGlobalSection
	GlobalSection(ExtensibilityGlobals) = postSolution
		SolutionGuid = {99612996-3624-4419-9713-BA09D3C84B00}
	EndGlobalSection
EndGlobal
